
Microsoft Visual Studio Solution File, Format Version 12.00
# Visual Studio Version 17
VisualStudioVersion = 17.7.34018.315
MinimumVisualStudioVersion = 10.0.40219.1
Project("{9A19103F-16F7-4668-BE54-9A1E7A4F7556}") = "WebApplication1", "WebApplication1\WebApplication1.csproj", "{30ACB011-AAC1-46FF-839E-DD86D2669394}"
EndProject
Project("{9A19103F-16F7-4668-BE54-9A1E7A4F7556}") = "Toplearn.InfraStructure", "Toplearn.InfraStructure\Toplearn.InfraStructure.csproj", "{B943B2E4-243C-48DC-A481-3389C3A0A042}"
EndProject
Project("{9A19103F-16F7-4668-BE54-9A1E7A4F7556}") = "Toplearn.Domain", "Toplearn.Domain\Toplearn.Domain.csproj", "{3FB61DA8-0A3A-4650-9520-873A98E398DE}"
EndProject
Project("{9A19103F-16F7-4668-BE54-9A1E7A4F7556}") = "Toplearn.ApplicationService.Contract", "Toplearn.ApplicationService.Contract\Toplearn.ApplicationService.Contract.csproj", "{67A77411-AAEA-418A-A560-1EA0E7DD38F6}"
EndProject
Project("{9A19103F-16F7-4668-BE54-9A1E7A4F7556}") = "Toplearn.ApplicationService", "Toplearn.ApplicationService\Toplearn.ApplicationService.csproj", "{8D8C5613-6ADB-4195-9927-CA5A37C0BAFB}"
EndProject
Global
	GlobalSection(SolutionConfigurationPlatforms) = preSolution
		Debug|Any CPU = Debug|Any CPU
		Release|Any CPU = Release|Any CPU
	EndGlobalSection
	GlobalSection(ProjectConfigurationPlatforms) = postSolution
		{30ACB011-AAC1-46FF-839E-DD86D2669394}.Debug|Any CPU.ActiveCfg = Debug|Any CPU
		{30ACB011-AAC1-46FF-839E-DD86D2669394}.Debug|Any CPU.Build.0 = Debug|Any CPU
		{30ACB011-AAC1-46FF-839E-DD86D2669394}.Release|Any CPU.ActiveCfg = Release|Any CPU
		{30ACB011-AAC1-46FF-839E-DD86D2669394}.Release|Any CPU.Build.0 = Release|Any CPU
		{B943B2E4-243C-48DC-A481-3389C3A0A042}.Debug|Any CPU.ActiveCfg = Debug|Any CPU
		{B943B2E4-243C-48DC-A481-3389C3A0A042}.Debug|Any CPU.Build.0 = Debug|Any CPU
		{B943B2E4-243C-48DC-A481-3389C3A0A042}.Release|Any CPU.ActiveCfg = Release|Any CPU
		{B943B2E4-243C-48DC-A481-3389C3A0A042}.Release|Any CPU.Build.0 = Release|Any CPU
		{3FB61DA8-0A3A-4650-9520-873A98E398DE}.Debug|Any CPU.ActiveCfg = Debug|Any CPU
		{3FB61DA8-0A3A-4650-9520-873A98E398DE}.Debug|Any CPU.Build.0 = Debug|Any CPU
		{3FB61DA8-0A3A-4650-9520-873A98E398DE}.Release|Any CPU.ActiveCfg = Release|Any CPU
		{3FB61DA8-0A3A-4650-9520-873A98E398DE}.Release|Any CPU.Build.0 = Release|Any CPU
		{67A77411-AAEA-418A-A560-1EA0E7DD38F6}.Debug|Any CPU.ActiveCfg = Debug|Any CPU
		{67A77411-AAEA-418A-A560-1EA0E7DD38F6}.Debug|Any CPU.Build.0 = Debug|Any CPU
		{67A77411-AAEA-418A-A560-1EA0E7DD38F6}.Release|Any CPU.ActiveCfg = Release|Any CPU
		{67A77411-AAEA-418A-A560-1EA0E7DD38F6}.Release|Any CPU.Build.0 = Release|Any CPU
		{8D8C5613-6ADB-4195-9927-CA5A37C0BAFB}.Debug|Any CPU.ActiveCfg = Debug|Any CPU
		{8D8C5613-6ADB-4195-9927-CA5A37C0BAFB}.Debug|Any CPU.Build.0 = Debug|Any CPU
		{8D8C5613-6ADB-4195-9927-CA5A37C0BAFB}.Release|Any CPU.ActiveCfg = Release|Any CPU
		{8D8C5613-6ADB-4195-9927-CA5A37C0BAFB}.Release|Any CPU.Build.0 = Release|Any CPU
	EndGlobalSection
	GlobalSection(SolutionProperties) = preSolution
		HideSolutionNode = FALSE
	EndGlobalSection
	GlobalSection(ExtensibilityGlobals) = postSolution
		SolutionGuid = {EE5F6D66-BBDC-4146-A47C-0F57212C2495}
	EndGlobalSection
EndGlobal
